
Microsoft Visual Studio Solution File, Format Version 12.00
# Visual Studio Version 17
VisualStudioVersion = 17.0.31919.166
MinimumVisualStudioVersion = 10.0.40219.1
Project("{9A19103F-16F7-4668-BE54-9A1E7A4F7556}") = "LojaDB", "LojaDB\LojaDB.csproj", "{F2A97036-E4CE-4426-83FE-1082191E33D5}"
EndProject
Project("{FAE04EC0-301F-11D3-BF4B-00C04F79EFBC}") = "AluraTunes", "AluraTunes\AluraTunes.csproj", "{B646778E-834A-44E7-A274-3C845A983CAE}"
EndProject
Global
	GlobalSection(SolutionConfigurationPlatforms) = preSolution
		Debug|Any CPU = Debug|Any CPU
		Release|Any CPU = Release|Any CPU
	EndGlobalSection
	GlobalSection(ProjectConfigurationPlatforms) = postSolution
		{F2A97036-E4CE-4426-83FE-1082191E33D5}.Debug|Any CPU.ActiveCfg = Debug|Any CPU
		{F2A97036-E4CE-4426-83FE-1082191E33D5}.Debug|Any CPU.Build.0 = Debug|Any CPU
		{F2A97036-E4CE-4426-83FE-1082191E33D5}.Release|Any CPU.ActiveCfg = Release|Any CPU
		{F2A97036-E4CE-4426-83FE-1082191E33D5}.Release|Any CPU.Build.0 = Release|Any CPU
		{B646778E-834A-44E7-A274-3C845A983CAE}.Debug|Any CPU.ActiveCfg = Debug|Any CPU
		{B646778E-834A-44E7-A274-3C845A983CAE}.Debug|Any CPU.Build.0 = Debug|Any CPU
		{B646778E-834A-44E7-A274-3C845A983CAE}.Release|Any CPU.ActiveCfg = Release|Any CPU
		{B646778E-834A-44E7-A274-3C845A983CAE}.Release|Any CPU.Build.0 = Release|Any CPU
	EndGlobalSection
	GlobalSection(SolutionProperties) = preSolution
		HideSolutionNode = FALSE
	EndGlobalSection
	GlobalSection(ExtensibilityGlobals) = postSolution
		SolutionGuid = {F408A18E-1310-4C59-8E87-CEB8FF549C8C}
	EndGlobalSection
EndGlobal
